// !$*UTF8*$!
{
	archiveVersion = 1;
	classes = {
	};
	objectVersion = 50;
	objects = {

/* Begin PBXBuildFile section */
		770B3BE320BAA21C00E3042F /* SearchViewController.swift in Sources */ = {isa = PBXBuildFile; fileRef = 770B3BE220BAA21C00E3042F /* SearchViewController.swift */; };
		770C172520CE509F003C8FB9 /* MapViewController.swift in Sources */ = {isa = PBXBuildFile; fileRef = 770C172420CE509F003C8FB9 /* MapViewController.swift */; };
		770C172720CE5161003C8FB9 /* SearchMap.swift in Sources */ = {isa = PBXBuildFile; fileRef = 770C172620CE5161003C8FB9 /* SearchMap.swift */; };
		771E75FE20C4E41400C97A3B /* Comic_Andy.ttf in Resources */ = {isa = PBXBuildFile; fileRef = 771E75FD20C4E41300C97A3B /* Comic_Andy.ttf */; };
		77499EAB20C5201A00F3A192 /* Config.swift in Sources */ = {isa = PBXBuildFile; fileRef = 77499EA320C5201A00F3A192 /* Config.swift */; };
		77499EAC20C5201A00F3A192 /* win.mp3 in Resources */ = {isa = PBXBuildFile; fileRef = 77499EA420C5201A00F3A192 /* win.mp3 */; };
		77499EAD20C5201A00F3A192 /* wrong.m4a in Resources */ = {isa = PBXBuildFile; fileRef = 77499EA520C5201A00F3A192 /* wrong.m4a */; };
		77499EAE20C5201A00F3A192 /* AudioController.swift in Sources */ = {isa = PBXBuildFile; fileRef = 77499EA620C5201A00F3A192 /* AudioController.swift */; };
		77499EAF20C5201A00F3A192 /* ding.mp3 in Resources */ = {isa = PBXBuildFile; fileRef = 77499EA720C5201A00F3A192 /* ding.mp3 */; };
		77499EB020C5201A00F3A192 /* 그림1.png in Resources */ = {isa = PBXBuildFile; fileRef = 77499EA820C5201A00F3A192 /* 그림1.png */; };
		77499EB220C5201A00F3A192 /* ExplodeView.swift in Sources */ = {isa = PBXBuildFile; fileRef = 77499EAA20C5201A00F3A192 /* ExplodeView.swift */; };
		777CE1B620B68AD200CF6E64 /* studyViewController.swift in Sources */ = {isa = PBXBuildFile; fileRef = 777CE1B520B68AD200CF6E64 /* studyViewController.swift */; };
		77AB20C320BC593C00C9E93D /* cafefiles.naver.net.jpeg in Resources */ = {isa = PBXBuildFile; fileRef = 77AB20C220BC593C00C9E93D /* cafefiles.naver.net.jpeg */; };
		77AB20C720BC629200C9E93D /* x.png in Resources */ = {isa = PBXBuildFile; fileRef = 77AB20C520BC629200C9E93D /* x.png */; };
		77AF028920B51B3500F7F0F6 /* AppDelegate.swift in Sources */ = {isa = PBXBuildFile; fileRef = 77AF028820B51B3500F7F0F6 /* AppDelegate.swift */; };
		77AF028B20B51B3500F7F0F6 /* ViewController.swift in Sources */ = {isa = PBXBuildFile; fileRef = 77AF028A20B51B3500F7F0F6 /* ViewController.swift */; };
		77AF028E20B51B3500F7F0F6 /* Main.storyboard in Resources */ = {isa = PBXBuildFile; fileRef = 77AF028C20B51B3500F7F0F6 /* Main.storyboard */; };
		77AF029020B51B3600F7F0F6 /* Assets.xcassets in Resources */ = {isa = PBXBuildFile; fileRef = 77AF028F20B51B3600F7F0F6 /* Assets.xcassets */; };
		77AF029320B51B3600F7F0F6 /* LaunchScreen.storyboard in Resources */ = {isa = PBXBuildFile; fileRef = 77AF029120B51B3600F7F0F6 /* LaunchScreen.storyboard */; };
		77AFCCCC20B8135500C6338C /* gameViewController.swift in Sources */ = {isa = PBXBuildFile; fileRef = 77AFCCCB20B8135500C6338C /* gameViewController.swift */; };
		77AFCCCE20B817DC00C6338C /* wholeTableViewController.swift in Sources */ = {isa = PBXBuildFile; fileRef = 77AFCCCD20B817DC00C6338C /* wholeTableViewController.swift */; };
		77C0014120D6A32300F5C2D7 /* korea.jpg in Resources */ = {isa = PBXBuildFile; fileRef = 77C0014020D6A32300F5C2D7 /* korea.jpg */; };
		77C0014320D6B55000F5C2D7 /* setting.png in Resources */ = {isa = PBXBuildFile; fileRef = 77C0014220D6B55000F5C2D7 /* setting.png */; };
		77C0014520D6B8F000F5C2D7 /* north.jpeg in Resources */ = {isa = PBXBuildFile; fileRef = 77C0014420D6B8EF00F5C2D7 /* north.jpeg */; };
		77C22ED120CB7F6F00D5DDF6 /* search2.png in Resources */ = {isa = PBXBuildFile; fileRef = 77C22ED020CB7F6F00D5DDF6 /* search2.png */; };
		77C22ED620CB835200D5DDF6 /* map2.png in Resources */ = {isa = PBXBuildFile; fileRef = 77C22ED220CB835100D5DDF6 /* map2.png */; };
		77C22ED720CB835200D5DDF6 /* map.png in Resources */ = {isa = PBXBuildFile; fileRef = 77C22ED320CB835100D5DDF6 /* map.png */; };
		77C22ED820CB835200D5DDF6 /* map3.png in Resources */ = {isa = PBXBuildFile; fileRef = 77C22ED420CB835200D5DDF6 /* map3.png */; };
		77C22ED920CB835200D5DDF6 /* map1.png in Resources */ = {isa = PBXBuildFile; fileRef = 77C22ED520CB835200D5DDF6 /* map1.png */; };
		77C22EDC20CB8C5000D5DDF6 /* earth.png in Resources */ = {isa = PBXBuildFile; fileRef = 77C22EDA20CB8C5000D5DDF6 /* earth.png */; };
		77C22EDD20CB8C5000D5DDF6 /* world.png in Resources */ = {isa = PBXBuildFile; fileRef = 77C22EDB20CB8C5000D5DDF6 /* world.png */; };
		77C22EE220CB9A1C00D5DDF6 /* bar.png in Resources */ = {isa = PBXBuildFile; fileRef = 77C22EDF20CB9A1C00D5DDF6 /* bar.png */; };
		77C22EE620CB9AAE00D5DDF6 /* study1.png in Resources */ = {isa = PBXBuildFile; fileRef = 77C22EE420CB9AAD00D5DDF6 /* study1.png */; };
		77C22EE720CB9AAE00D5DDF6 /* game1.png in Resources */ = {isa = PBXBuildFile; fileRef = 77C22EE520CB9AAD00D5DDF6 /* game1.png */; };
		77C22EEB20CB9B7400D5DDF6 /* search1.png in Resources */ = {isa = PBXBuildFile; fileRef = 77C22EEA20CB9B7400D5DDF6 /* search1.png */; };
		77C22EED20CB9F4A00D5DDF6 /* bar3.png in Resources */ = {isa = PBXBuildFile; fileRef = 77C22EEC20CB9F4900D5DDF6 /* bar3.png */; };
		77EF480720CE135300171B72 /* bgsound.mp3 in Resources */ = {isa = PBXBuildFile; fileRef = 77EF480420CE135200171B72 /* bgsound.mp3 */; };
		77EF480820CE135300171B72 /* failsound.mp3 in Resources */ = {isa = PBXBuildFile; fileRef = 77EF480520CE135200171B72 /* failsound.mp3 */; };
		77EF480920CE135300171B72 /* success.mp3 in Resources */ = {isa = PBXBuildFile; fileRef = 77EF480620CE135300171B72 /* success.mp3 */; };
		77F037EB20CBB53600F6A9C2 /* easygameViewController.swift in Sources */ = {isa = PBXBuildFile; fileRef = 77F037EA20CBB53600F6A9C2 /* easygameViewController.swift */; };
		77F037ED20CBB54600F6A9C2 /* normalgameViewController.swift in Sources */ = {isa = PBXBuildFile; fileRef = 77F037EC20CBB54600F6A9C2 /* normalgameViewController.swift */; };
		77F037EF20CBBB4A00F6A9C2 /* check.png in Resources */ = {isa = PBXBuildFile; fileRef = 77F037EE20CBBB4900F6A9C2 /* check.png */; };
		77F037F120CBBD1300F6A9C2 /* pass.png in Resources */ = {isa = PBXBuildFile; fileRef = 77F037F020CBBD1200F6A9C2 /* pass.png */; };
		77F037F820CBC4A000F6A9C2 /* fail.png in Resources */ = {isa = PBXBuildFile; fileRef = 77F037F420CBC49F00F6A9C2 /* fail.png */; };
		77F037FB20CBC52600F6A9C2 /* pass1.png in Resources */ = {isa = PBXBuildFile; fileRef = 77F037FA20CBC52600F6A9C2 /* pass1.png */; };
		77F037FD20CBC56300F6A9C2 /* win1.png in Resources */ = {isa = PBXBuildFile; fileRef = 77F037FC20CBC56300F6A9C2 /* win1.png */; };
		77F037FF20CBC68500F6A9C2 /* help.png in Resources */ = {isa = PBXBuildFile; fileRef = 77F037FE20CBC68400F6A9C2 /* help.png */; };
		77F0380120CBC79600F6A9C2 /* help2.png in Resources */ = {isa = PBXBuildFile; fileRef = 77F0380020CBC79600F6A9C2 /* help2.png */; };
		77F0380320CBD3E400F6A9C2 /* particle.png in Resources */ = {isa = PBXBuildFile; fileRef = 77F0380220CBD3E400F6A9C2 /* particle.png */; };
		77F0380820CBD51400F6A9C2 /* win2.png in Resources */ = {isa = PBXBuildFile; fileRef = 77F0380620CBD51300F6A9C2 /* win2.png */; };
		77F0380F20CBD85400F6A9C2 /* pass2.png in Resources */ = {isa = PBXBuildFile; fileRef = 77F0380E20CBD85300F6A9C2 /* pass2.png */; };
		77F0381120CBDC9700F6A9C2 /* windustView.swift in Sources */ = {isa = PBXBuildFile; fileRef = 77F0381020CBDC9700F6A9C2 /* windustView.swift */; };
		77F0381320CBDCC000F6A9C2 /* faildustView.swift in Sources */ = {isa = PBXBuildFile; fileRef = 77F0381220CBDCC000F6A9C2 /* faildustView.swift */; };
		77F0381520CBDCD800F6A9C2 /* passdustView.swift in Sources */ = {isa = PBXBuildFile; fileRef = 77F0381420CBDCD800F6A9C2 /* passdustView.swift */; };
		77F0381720CBDF3500F6A9C2 /* fail2.png in Resources */ = {isa = PBXBuildFile; fileRef = 77F0381620CBDF3400F6A9C2 /* fail2.png */; };
/* End PBXBuildFile section */

/* Begin PBXFileReference section */
		770B3BE220BAA21C00E3042F /* SearchViewController.swift */ = {isa = PBXFileReference; lastKnownFileType = sourcecode.swift; path = SearchViewController.swift; sourceTree = "<group>"; };
		770C172420CE509F003C8FB9 /* MapViewController.swift */ = {isa = PBXFileReference; lastKnownFileType = sourcecode.swift; path = MapViewController.swift; sourceTree = "<group>"; };
		770C172620CE5161003C8FB9 /* SearchMap.swift */ = {isa = PBXFileReference; lastKnownFileType = sourcecode.swift; path = SearchMap.swift; sourceTree = "<group>"; };
		771E75FD20C4E41300C97A3B /* Comic_Andy.ttf */ = {isa = PBXFileReference; lastKnownFileType = file; path = Comic_Andy.ttf; sourceTree = "<group>"; };
		77499EA320C5201A00F3A192 /* Config.swift */ = {isa = PBXFileReference; fileEncoding = 4; lastKnownFileType = sourcecode.swift; path = Config.swift; sourceTree = "<group>"; };
		77499EA420C5201A00F3A192 /* win.mp3 */ = {isa = PBXFileReference; lastKnownFileType = audio.mp3; path = win.mp3; sourceTree = "<group>"; };
		77499EA520C5201A00F3A192 /* wrong.m4a */ = {isa = PBXFileReference; lastKnownFileType = file; path = wrong.m4a; sourceTree = "<group>"; };
		77499EA620C5201A00F3A192 /* AudioController.swift */ = {isa = PBXFileReference; fileEncoding = 4; lastKnownFileType = sourcecode.swift; path = AudioController.swift; sourceTree = "<group>"; };
		77499EA720C5201A00F3A192 /* ding.mp3 */ = {isa = PBXFileReference; lastKnownFileType = audio.mp3; path = ding.mp3; sourceTree = "<group>"; };
		77499EA820C5201A00F3A192 /* 그림1.png */ = {isa = PBXFileReference; lastKnownFileType = image.png; path = "그림1.png"; sourceTree = "<group>"; };
		77499EAA20C5201A00F3A192 /* ExplodeView.swift */ = {isa = PBXFileReference; fileEncoding = 4; lastKnownFileType = sourcecode.swift; path = ExplodeView.swift; sourceTree = "<group>"; };
		777CE1B520B68AD200CF6E64 /* studyViewController.swift */ = {isa = PBXFileReference; lastKnownFileType = sourcecode.swift; path = studyViewController.swift; sourceTree = "<group>"; };
		77AB20C220BC593C00C9E93D /* cafefiles.naver.net.jpeg */ = {isa = PBXFileReference; lastKnownFileType = image.jpeg; path = cafefiles.naver.net.jpeg; sourceTree = "<group>"; };
		77AB20C520BC629200C9E93D /* x.png */ = {isa = PBXFileReference; lastKnownFileType = image.png; path = x.png; sourceTree = "<group>"; };
		77AF028520B51B3500F7F0F6 /* countrygame.app */ = {isa = PBXFileReference; explicitFileType = wrapper.application; includeInIndex = 0; path = countrygame.app; sourceTree = BUILT_PRODUCTS_DIR; };
		77AF028820B51B3500F7F0F6 /* AppDelegate.swift */ = {isa = PBXFileReference; lastKnownFileType = sourcecode.swift; path = AppDelegate.swift; sourceTree = "<group>"; };
		77AF028A20B51B3500F7F0F6 /* ViewController.swift */ = {isa = PBXFileReference; lastKnownFileType = sourcecode.swift; path = ViewController.swift; sourceTree = "<group>"; };
		77AF028D20B51B3500F7F0F6 /* Base */ = {isa = PBXFileReference; lastKnownFileType = file.storyboard; name = Base; path = Base.lproj/Main.storyboard; sourceTree = "<group>"; };
		77AF028F20B51B3600F7F0F6 /* Assets.xcassets */ = {isa = PBXFileReference; lastKnownFileType = folder.assetcatalog; path = Assets.xcassets; sourceTree = "<group>"; };
		77AF029220B51B3600F7F0F6 /* Base */ = {isa = PBXFileReference; lastKnownFileType = file.storyboard; name = Base; path = Base.lproj/LaunchScreen.storyboard; sourceTree = "<group>"; };
		77AF029420B51B3600F7F0F6 /* Info.plist */ = {isa = PBXFileReference; lastKnownFileType = text.plist.xml; path = Info.plist; sourceTree = "<group>"; };
		77AFCCCB20B8135500C6338C /* gameViewController.swift */ = {isa = PBXFileReference; lastKnownFileType = sourcecode.swift; path = gameViewController.swift; sourceTree = "<group>"; };
		77AFCCCD20B817DC00C6338C /* wholeTableViewController.swift */ = {isa = PBXFileReference; lastKnownFileType = sourcecode.swift; path = wholeTableViewController.swift; sourceTree = "<group>"; };
		77C0014020D6A32300F5C2D7 /* korea.jpg */ = {isa = PBXFileReference; lastKnownFileType = image.jpeg; path = korea.jpg; sourceTree = "<group>"; };
		77C0014220D6B55000F5C2D7 /* setting.png */ = {isa = PBXFileReference; lastKnownFileType = image.png; path = setting.png; sourceTree = "<group>"; };
		77C0014420D6B8EF00F5C2D7 /* north.jpeg */ = {isa = PBXFileReference; lastKnownFileType = image.jpeg; path = north.jpeg; sourceTree = "<group>"; };
		77C22ED020CB7F6F00D5DDF6 /* search2.png */ = {isa = PBXFileReference; lastKnownFileType = image.png; path = search2.png; sourceTree = "<group>"; };
		77C22ED220CB835100D5DDF6 /* map2.png */ = {isa = PBXFileReference; lastKnownFileType = image.png; path = map2.png; sourceTree = "<group>"; };
		77C22ED320CB835100D5DDF6 /* map.png */ = {isa = PBXFileReference; lastKnownFileType = image.png; path = map.png; sourceTree = "<group>"; };
		77C22ED420CB835200D5DDF6 /* map3.png */ = {isa = PBXFileReference; lastKnownFileType = image.png; path = map3.png; sourceTree = "<group>"; };
		77C22ED520CB835200D5DDF6 /* map1.png */ = {isa = PBXFileReference; lastKnownFileType = image.png; path = map1.png; sourceTree = "<group>"; };
		77C22EDA20CB8C5000D5DDF6 /* earth.png */ = {isa = PBXFileReference; lastKnownFileType = image.png; path = earth.png; sourceTree = "<group>"; };
		77C22EDB20CB8C5000D5DDF6 /* world.png */ = {isa = PBXFileReference; lastKnownFileType = image.png; path = world.png; sourceTree = "<group>"; };
		77C22EDF20CB9A1C00D5DDF6 /* bar.png */ = {isa = PBXFileReference; lastKnownFileType = image.png; path = bar.png; sourceTree = "<group>"; };
		77C22EE420CB9AAD00D5DDF6 /* study1.png */ = {isa = PBXFileReference; lastKnownFileType = image.png; path = study1.png; sourceTree = "<group>"; };
		77C22EE520CB9AAD00D5DDF6 /* game1.png */ = {isa = PBXFileReference; lastKnownFileType = image.png; path = game1.png; sourceTree = "<group>"; };
		77C22EEA20CB9B7400D5DDF6 /* search1.png */ = {isa = PBXFileReference; lastKnownFileType = image.png; path = search1.png; sourceTree = "<group>"; };
		77C22EEC20CB9F4900D5DDF6 /* bar3.png */ = {isa = PBXFileReference; lastKnownFileType = image.png; path = bar3.png; sourceTree = "<group>"; };
		77EF480420CE135200171B72 /* bgsound.mp3 */ = {isa = PBXFileReference; lastKnownFileType = audio.mp3; path = bgsound.mp3; sourceTree = "<group>"; };
		77EF480520CE135200171B72 /* failsound.mp3 */ = {isa = PBXFileReference; lastKnownFileType = audio.mp3; path = failsound.mp3; sourceTree = "<group>"; };
		77EF480620CE135300171B72 /* success.mp3 */ = {isa = PBXFileReference; lastKnownFileType = audio.mp3; path = success.mp3; sourceTree = "<group>"; };
		77F037EA20CBB53600F6A9C2 /* easygameViewController.swift */ = {isa = PBXFileReference; lastKnownFileType = sourcecode.swift; path = easygameViewController.swift; sourceTree = "<group>"; };
		77F037EC20CBB54600F6A9C2 /* normalgameViewController.swift */ = {isa = PBXFileReference; lastKnownFileType = sourcecode.swift; path = normalgameViewController.swift; sourceTree = "<group>"; };
		77F037EE20CBBB4900F6A9C2 /* check.png */ = {isa = PBXFileReference; lastKnownFileType = image.png; path = check.png; sourceTree = "<group>"; };
		77F037F020CBBD1200F6A9C2 /* pass.png */ = {isa = PBXFileReference; lastKnownFileType = image.png; path = pass.png; sourceTree = "<group>"; };
		77F037F420CBC49F00F6A9C2 /* fail.png */ = {isa = PBXFileReference; lastKnownFileType = image.png; path = fail.png; sourceTree = "<group>"; };
		77F037FA20CBC52600F6A9C2 /* pass1.png */ = {isa = PBXFileReference; lastKnownFileType = image.png; path = pass1.png; sourceTree = "<group>"; };
		77F037FC20CBC56300F6A9C2 /* win1.png */ = {isa = PBXFileReference; lastKnownFileType = image.png; path = win1.png; sourceTree = "<group>"; };
		77F037FE20CBC68400F6A9C2 /* help.png */ = {isa = PBXFileReference; lastKnownFileType = image.png; path = help.png; sourceTree = "<group>"; };
		77F0380020CBC79600F6A9C2 /* help2.png */ = {isa = PBXFileReference; lastKnownFileType = image.png; path = help2.png; sourceTree = "<group>"; };
		77F0380220CBD3E400F6A9C2 /* particle.png */ = {isa = PBXFileReference; lastKnownFileType = image.png; path = particle.png; sourceTree = "<group>"; };
		77F0380620CBD51300F6A9C2 /* win2.png */ = {isa = PBXFileReference; lastKnownFileType = image.png; path = win2.png; sourceTree = "<group>"; };
		77F0380E20CBD85300F6A9C2 /* pass2.png */ = {isa = PBXFileReference; lastKnownFileType = image.png; path = pass2.png; sourceTree = "<group>"; };
		77F0381020CBDC9700F6A9C2 /* windustView.swift */ = {isa = PBXFileReference; lastKnownFileType = sourcecode.swift; path = windustView.swift; sourceTree = "<group>"; };
		77F0381220CBDCC000F6A9C2 /* faildustView.swift */ = {isa = PBXFileReference; lastKnownFileType = sourcecode.swift; path = faildustView.swift; sourceTree = "<group>"; };
		77F0381420CBDCD800F6A9C2 /* passdustView.swift */ = {isa = PBXFileReference; lastKnownFileType = sourcecode.swift; path = passdustView.swift; sourceTree = "<group>"; };
		77F0381620CBDF3400F6A9C2 /* fail2.png */ = {isa = PBXFileReference; lastKnownFileType = image.png; path = fail2.png; sourceTree = "<group>"; };
/* End PBXFileReference section */

/* Begin PBXFrameworksBuildPhase section */
		77AF028220B51B3500F7F0F6 /* Frameworks */ = {
			isa = PBXFrameworksBuildPhase;
			buildActionMask = 2147483647;
			files = (
			);
			runOnlyForDeploymentPostprocessing = 0;
		};
/* End PBXFrameworksBuildPhase section */

/* Begin PBXGroup section */
		77AF027C20B51B3500F7F0F6 = {
			isa = PBXGroup;
			children = (
				77AF028720B51B3500F7F0F6 /* countrygame */,
				77AF028620B51B3500F7F0F6 /* Products */,
			);
			sourceTree = "<group>";
		};
		77AF028620B51B3500F7F0F6 /* Products */ = {
			isa = PBXGroup;
			children = (
				77AF028520B51B3500F7F0F6 /* countrygame.app */,
			);
			name = Products;
			sourceTree = "<group>";
		};
		77AF028720B51B3500F7F0F6 /* countrygame */ = {
			isa = PBXGroup;
			children = (
				77C22ED320CB835100D5DDF6 /* map.png */,
				77C22ED520CB835200D5DDF6 /* map1.png */,
				77C22ED220CB835100D5DDF6 /* map2.png */,
				77C22ED420CB835200D5DDF6 /* map3.png */,
				77499EA820C5201A00F3A192 /* 그림1.png */,
				77499EA620C5201A00F3A192 /* AudioController.swift */,
				77499EA320C5201A00F3A192 /* Config.swift */,
				77499EA720C5201A00F3A192 /* ding.mp3 */,
				77499EAA20C5201A00F3A192 /* ExplodeView.swift */,
				77499EA420C5201A00F3A192 /* win.mp3 */,
				77499EA520C5201A00F3A192 /* wrong.m4a */,
				77AB20C520BC629200C9E93D /* x.png */,
				77AF028820B51B3500F7F0F6 /* AppDelegate.swift */,
				77AB20C220BC593C00C9E93D /* cafefiles.naver.net.jpeg */,
				77AF028A20B51B3500F7F0F6 /* ViewController.swift */,
				77F0381620CBDF3400F6A9C2 /* fail2.png */,
				77F0380620CBD51300F6A9C2 /* win2.png */,
				77AF028C20B51B3500F7F0F6 /* Main.storyboard */,
				77C0014220D6B55000F5C2D7 /* setting.png */,
				77F0380E20CBD85300F6A9C2 /* pass2.png */,
				77F0380020CBC79600F6A9C2 /* help2.png */,
				77F037FE20CBC68400F6A9C2 /* help.png */,
				77F037FC20CBC56300F6A9C2 /* win1.png */,
				77F037F420CBC49F00F6A9C2 /* fail.png */,
				77F037FA20CBC52600F6A9C2 /* pass1.png */,
				77F037F020CBBD1200F6A9C2 /* pass.png */,
				77F037EE20CBBB4900F6A9C2 /* check.png */,
				77C22EEA20CB9B7400D5DDF6 /* search1.png */,
				77C22EEC20CB9F4900D5DDF6 /* bar3.png */,
				77C22EE520CB9AAD00D5DDF6 /* game1.png */,
				77C22EE420CB9AAD00D5DDF6 /* study1.png */,
				77C22EDF20CB9A1C00D5DDF6 /* bar.png */,
				77C22EDA20CB8C5000D5DDF6 /* earth.png */,
				77C22EDB20CB8C5000D5DDF6 /* world.png */,
				77C22ED020CB7F6F00D5DDF6 /* search2.png */,
				77AF028F20B51B3600F7F0F6 /* Assets.xcassets */,
				77AF029120B51B3600F7F0F6 /* LaunchScreen.storyboard */,
				77AF029420B51B3600F7F0F6 /* Info.plist */,
				777CE1B520B68AD200CF6E64 /* studyViewController.swift */,
				77AFCCCB20B8135500C6338C /* gameViewController.swift */,
				77EF480420CE135200171B72 /* bgsound.mp3 */,
				77EF480520CE135200171B72 /* failsound.mp3 */,
				77EF480620CE135300171B72 /* success.mp3 */,
				771E75FD20C4E41300C97A3B /* Comic_Andy.ttf */,
				77AFCCCD20B817DC00C6338C /* wholeTableViewController.swift */,
				770B3BE220BAA21C00E3042F /* SearchViewController.swift */,
				77C0014420D6B8EF00F5C2D7 /* north.jpeg */,
				77F037EA20CBB53600F6A9C2 /* easygameViewController.swift */,
				77F0380220CBD3E400F6A9C2 /* particle.png */,
				77F037EC20CBB54600F6A9C2 /* normalgameViewController.swift */,
				77C0014020D6A32300F5C2D7 /* korea.jpg */,
				77F0381020CBDC9700F6A9C2 /* windustView.swift */,
				77F0381220CBDCC000F6A9C2 /* faildustView.swift */,
				77F0381420CBDCD800F6A9C2 /* passdustView.swift */,
				770C172420CE509F003C8FB9 /* MapViewController.swift */,
				770C172620CE5161003C8FB9 /* SearchMap.swift */,
			);
			path = countrygame;
			sourceTree = "<group>";
		};
/* End PBXGroup section */

/* Begin PBXNativeTarget section */
		77AF028420B51B3500F7F0F6 /* countrygame */ = {
			isa = PBXNativeTarget;
			buildConfigurationList = 77AF029720B51B3600F7F0F6 /* Build configuration list for PBXNativeTarget "countrygame" */;
			buildPhases = (
				77AF028120B51B3500F7F0F6 /* Sources */,
				77AF028220B51B3500F7F0F6 /* Frameworks */,
				77AF028320B51B3500F7F0F6 /* Resources */,
			);
			buildRules = (
			);
			dependencies = (
			);
			name = countrygame;
			productName = countrygame;
			productReference = 77AF028520B51B3500F7F0F6 /* countrygame.app */;
			productType = "com.apple.product-type.application";
		};
/* End PBXNativeTarget section */

/* Begin PBXProject section */
		77AF027D20B51B3500F7F0F6 /* Project object */ = {
			isa = PBXProject;
			attributes = {
				LastSwiftUpdateCheck = 0930;
				LastUpgradeCheck = 0930;
				ORGANIZATIONNAME = KPU_GAME;
				TargetAttributes = {
					77AF028420B51B3500F7F0F6 = {
						CreatedOnToolsVersion = 9.3;
					};
				};
			};
			buildConfigurationList = 77AF028020B51B3500F7F0F6 /* Build configuration list for PBXProject "countrygame" */;
			compatibilityVersion = "Xcode 9.3";
			developmentRegion = en;
			hasScannedForEncodings = 0;
			knownRegions = (
				en,
				Base,
			);
			mainGroup = 77AF027C20B51B3500F7F0F6;
			productRefGroup = 77AF028620B51B3500F7F0F6 /* Products */;
			projectDirPath = "";
			projectRoot = "";
			targets = (
				77AF028420B51B3500F7F0F6 /* countrygame */,
			);
		};
/* End PBXProject section */

/* Begin PBXResourcesBuildPhase section */
		77AF028320B51B3500F7F0F6 /* Resources */ = {
			isa = PBXResourcesBuildPhase;
			buildActionMask = 2147483647;
			files = (
				77AB20C720BC629200C9E93D /* x.png in Resources */,
				771E75FE20C4E41400C97A3B /* Comic_Andy.ttf in Resources */,
				77AF029320B51B3600F7F0F6 /* LaunchScreen.storyboard in Resources */,
				77499EAC20C5201A00F3A192 /* win.mp3 in Resources */,
				77C22EE720CB9AAE00D5DDF6 /* game1.png in Resources */,
				77F0380320CBD3E400F6A9C2 /* particle.png in Resources */,
				77F037F820CBC4A000F6A9C2 /* fail.png in Resources */,
				77C22EEB20CB9B7400D5DDF6 /* search1.png in Resources */,
				77F037F120CBBD1300F6A9C2 /* pass.png in Resources */,
				77F037EF20CBBB4A00F6A9C2 /* check.png in Resources */,
				77EF480920CE135300171B72 /* success.mp3 in Resources */,
				77F0380120CBC79600F6A9C2 /* help2.png in Resources */,
				77C22EDD20CB8C5000D5DDF6 /* world.png in Resources */,
				77C22EDC20CB8C5000D5DDF6 /* earth.png in Resources */,
				77C0014320D6B55000F5C2D7 /* setting.png in Resources */,
				77C22ED720CB835200D5DDF6 /* map.png in Resources */,
				77C22ED620CB835200D5DDF6 /* map2.png in Resources */,
				77F0381720CBDF3500F6A9C2 /* fail2.png in Resources */,
				77499EB020C5201A00F3A192 /* 그림1.png in Resources */,
				77499EAD20C5201A00F3A192 /* wrong.m4a in Resources */,
				77C22EE220CB9A1C00D5DDF6 /* bar.png in Resources */,
				77C0014520D6B8F000F5C2D7 /* north.jpeg in Resources */,
				77EF480720CE135300171B72 /* bgsound.mp3 in Resources */,
				77EF480820CE135300171B72 /* failsound.mp3 in Resources */,
				77AB20C320BC593C00C9E93D /* cafefiles.naver.net.jpeg in Resources */,
				77C22EE620CB9AAE00D5DDF6 /* study1.png in Resources */,
				77499EAF20C5201A00F3A192 /* ding.mp3 in Resources */,
				77C22ED920CB835200D5DDF6 /* map1.png in Resources */,
				77F037FF20CBC68500F6A9C2 /* help.png in Resources */,
				77AF029020B51B3600F7F0F6 /* Assets.xcassets in Resources */,
				77C22ED820CB835200D5DDF6 /* map3.png in Resources */,
				77F0380F20CBD85400F6A9C2 /* pass2.png in Resources */,
				77F0380820CBD51400F6A9C2 /* win2.png in Resources */,
				77C22EED20CB9F4A00D5DDF6 /* bar3.png in Resources */,
				77C22ED120CB7F6F00D5DDF6 /* search2.png in Resources */,
				77C0014120D6A32300F5C2D7 /* korea.jpg in Resources */,
				77F037FD20CBC56300F6A9C2 /* win1.png in Resources */,
				77F037FB20CBC52600F6A9C2 /* pass1.png in Resources */,
				77AF028E20B51B3500F7F0F6 /* Main.storyboard in Resources */,
			);
			runOnlyForDeploymentPostprocessing = 0;
		};
/* End PBXResourcesBuildPhase section */

/* Begin PBXSourcesBuildPhase section */
		77AF028120B51B3500F7F0F6 /* Sources */ = {
			isa = PBXSourcesBuildPhase;
			buildActionMask = 2147483647;
			files = (
				770B3BE320BAA21C00E3042F /* SearchViewController.swift in Sources */,
				77AFCCCC20B8135500C6338C /* gameViewController.swift in Sources */,
				77F037ED20CBB54600F6A9C2 /* normalgameViewController.swift in Sources */,
				777CE1B620B68AD200CF6E64 /* studyViewController.swift in Sources */,
				77499EAB20C5201A00F3A192 /* Config.swift in Sources */,
				77F0381120CBDC9700F6A9C2 /* windustView.swift in Sources */,
				77AFCCCE20B817DC00C6338C /* wholeTableViewController.swift in Sources */,
				77499EB220C5201A00F3A192 /* ExplodeView.swift in Sources */,
				77AF028B20B51B3500F7F0F6 /* ViewController.swift in Sources */,
				77F0381520CBDCD800F6A9C2 /* passdustView.swift in Sources */,
				77F037EB20CBB53600F6A9C2 /* easygameViewController.swift in Sources */,
				77499EAE20C5201A00F3A192 /* AudioController.swift in Sources */,
				77F0381320CBDCC000F6A9C2 /* faildustView.swift in Sources */,
				770C172520CE509F003C8FB9 /* MapViewController.swift in Sources */,
				770C172720CE5161003C8FB9 /* SearchMap.swift in Sources */,
				77AF028920B51B3500F7F0F6 /* AppDelegate.swift in Sources */,
			);
			runOnlyForDeploymentPostprocessing = 0;
		};
/* End PBXSourcesBuildPhase section */

/* Begin PBXVariantGroup section */
		77AF028C20B51B3500F7F0F6 /* Main.storyboard */ = {
			isa = PBXVariantGroup;
			children = (
				77AF028D20B51B3500F7F0F6 /* Base */,
			);
			name = Main.storyboard;
			sourceTree = "<group>";
		};
		77AF029120B51B3600F7F0F6 /* LaunchScreen.storyboard */ = {
			isa = PBXVariantGroup;
			children = (
				77AF029220B51B3600F7F0F6 /* Base */,
			);
			name = LaunchScreen.storyboard;
			sourceTree = "<group>";
		};
/* End PBXVariantGroup section */

/* Begin XCBuildConfiguration section */
		77AF029520B51B3600F7F0F6 /* Debug */ = {
			isa = XCBuildConfiguration;
			buildSettings = {
				ALWAYS_SEARCH_USER_PATHS = NO;
				CLANG_ANALYZER_NONNULL = YES;
				CLANG_ANALYZER_NUMBER_OBJECT_CONVERSION = YES_AGGRESSIVE;
				CLANG_CXX_LANGUAGE_STANDARD = "gnu++14";
				CLANG_CXX_LIBRARY = "libc++";
				CLANG_ENABLE_MODULES = YES;
				CLANG_ENABLE_OBJC_ARC = YES;
				CLANG_ENABLE_OBJC_WEAK = YES;
				CLANG_WARN_BLOCK_CAPTURE_AUTORELEASING = YES;
				CLANG_WARN_BOOL_CONVERSION = YES;
				CLANG_WARN_COMMA = YES;
				CLANG_WARN_CONSTANT_CONVERSION = YES;
				CLANG_WARN_DEPRECATED_OBJC_IMPLEMENTATIONS = YES;
				CLANG_WARN_DIRECT_OBJC_ISA_USAGE = YES_ERROR;
				CLANG_WARN_DOCUMENTATION_COMMENTS = YES;
				CLANG_WARN_EMPTY_BODY = YES;
				CLANG_WARN_ENUM_CONVERSION = YES;
				CLANG_WARN_INFINITE_RECURSION = YES;
				CLANG_WARN_INT_CONVERSION = YES;
				CLANG_WARN_NON_LITERAL_NULL_CONVERSION = YES;
				CLANG_WARN_OBJC_IMPLICIT_RETAIN_SELF = YES;
				CLANG_WARN_OBJC_LITERAL_CONVERSION = YES;
				CLANG_WARN_OBJC_ROOT_CLASS = YES_ERROR;
				CLANG_WARN_RANGE_LOOP_ANALYSIS = YES;
				CLANG_WARN_STRICT_PROTOTYPES = YES;
				CLANG_WARN_SUSPICIOUS_MOVE = YES;
				CLANG_WARN_UNGUARDED_AVAILABILITY = YES_AGGRESSIVE;
				CLANG_WARN_UNREACHABLE_CODE = YES;
				CLANG_WARN__DUPLICATE_METHOD_MATCH = YES;
				CODE_SIGN_IDENTITY = "iPhone Developer";
				COPY_PHASE_STRIP = NO;
				DEBUG_INFORMATION_FORMAT = dwarf;
				ENABLE_STRICT_OBJC_MSGSEND = YES;
				ENABLE_TESTABILITY = YES;
				GCC_C_LANGUAGE_STANDARD = gnu11;
				GCC_DYNAMIC_NO_PIC = NO;
				GCC_NO_COMMON_BLOCKS = YES;
				GCC_OPTIMIZATION_LEVEL = 0;
				GCC_PREPROCESSOR_DEFINITIONS = (
					"DEBUG=1",
					"$(inherited)",
				);
				GCC_WARN_64_TO_32_BIT_CONVERSION = YES;
				GCC_WARN_ABOUT_RETURN_TYPE = YES_ERROR;
				GCC_WARN_UNDECLARED_SELECTOR = YES;
				GCC_WARN_UNINITIALIZED_AUTOS = YES_AGGRESSIVE;
				GCC_WARN_UNUSED_FUNCTION = YES;
				GCC_WARN_UNUSED_VARIABLE = YES;
				IPHONEOS_DEPLOYMENT_TARGET = 11.3;
				MTL_ENABLE_DEBUG_INFO = YES;
				ONLY_ACTIVE_ARCH = YES;
				SDKROOT = iphoneos;
				SWIFT_ACTIVE_COMPILATION_CONDITIONS = DEBUG;
				SWIFT_OPTIMIZATION_LEVEL = "-Onone";
			};
			name = Debug;
		};
		77AF029620B51B3600F7F0F6 /* Release */ = {
			isa = XCBuildConfiguration;
			buildSettings = {
				ALWAYS_SEARCH_USER_PATHS = NO;
				CLANG_ANALYZER_NONNULL = YES;
				CLANG_ANALYZER_NUMBER_OBJECT_CONVERSION = YES_AGGRESSIVE;
				CLANG_CXX_LANGUAGE_STANDARD = "gnu++14";
				CLANG_CXX_LIBRARY = "libc++";
				CLANG_ENABLE_MODULES = YES;
				CLANG_ENABLE_OBJC_ARC = YES;
				CLANG_ENABLE_OBJC_WEAK = YES;
				CLANG_WARN_BLOCK_CAPTURE_AUTORELEASING = YES;
				CLANG_WARN_BOOL_CONVERSION = YES;
				CLANG_WARN_COMMA = YES;
				CLANG_WARN_CONSTANT_CONVERSION = YES;
				CLANG_WARN_DEPRECATED_OBJC_IMPLEMENTATIONS = YES;
				CLANG_WARN_DIRECT_OBJC_ISA_USAGE = YES_ERROR;
				CLANG_WARN_DOCUMENTATION_COMMENTS = YES;
				CLANG_WARN_EMPTY_BODY = YES;
				CLANG_WARN_ENUM_CONVERSION = YES;
				CLANG_WARN_INFINITE_RECURSION = YES;
				CLANG_WARN_INT_CONVERSION = YES;
				CLANG_WARN_NON_LITERAL_NULL_CONVERSION = YES;
				CLANG_WARN_OBJC_IMPLICIT_RETAIN_SELF = YES;
				CLANG_WARN_OBJC_LITERAL_CONVERSION = YES;
				CLANG_WARN_OBJC_ROOT_CLASS = YES_ERROR;
				CLANG_WARN_RANGE_LOOP_ANALYSIS = YES;
				CLANG_WARN_STRICT_PROTOTYPES = YES;
				CLANG_WARN_SUSPICIOUS_MOVE = YES;
				CLANG_WARN_UNGUARDED_AVAILABILITY = YES_AGGRESSIVE;
				CLANG_WARN_UNREACHABLE_CODE = YES;
				CLANG_WARN__DUPLICATE_METHOD_MATCH = YES;
				CODE_SIGN_IDENTITY = "iPhone Developer";
				COPY_PHASE_STRIP = NO;
				DEBUG_INFORMATION_FORMAT = "dwarf-with-dsym";
				ENABLE_NS_ASSERTIONS = NO;
				ENABLE_STRICT_OBJC_MSGSEND = YES;
				GCC_C_LANGUAGE_STANDARD = gnu11;
				GCC_NO_COMMON_BLOCKS = YES;
				GCC_WARN_64_TO_32_BIT_CONVERSION = YES;
				GCC_WARN_ABOUT_RETURN_TYPE = YES_ERROR;
				GCC_WARN_UNDECLARED_SELECTOR = YES;
				GCC_WARN_UNINITIALIZED_AUTOS = YES_AGGRESSIVE;
				GCC_WARN_UNUSED_FUNCTION = YES;
				GCC_WARN_UNUSED_VARIABLE = YES;
				IPHONEOS_DEPLOYMENT_TARGET = 11.3;
				MTL_ENABLE_DEBUG_INFO = NO;
				SDKROOT = iphoneos;
				SWIFT_COMPILATION_MODE = wholemodule;
				SWIFT_OPTIMIZATION_LEVEL = "-O";
				VALIDATE_PRODUCT = YES;
			};
			name = Release;
		};
		77AF029820B51B3600F7F0F6 /* Debug */ = {
			isa = XCBuildConfiguration;
			buildSettings = {
				ASSETCATALOG_COMPILER_APPICON_NAME = AppIcon;
				CODE_SIGN_STYLE = Automatic;
				DEVELOPMENT_TEAM = RP2FF6M732;
				INFOPLIST_FILE = countrygame/Info.plist;
				LD_RUNPATH_SEARCH_PATHS = (
					"$(inherited)",
					"@executable_path/Frameworks",
				);
				PRODUCT_BUNDLE_IDENTIFIER = kpu.2018class.countrygame;
				PRODUCT_NAME = "$(TARGET_NAME)";
				SWIFT_VERSION = 4.0;
				TARGETED_DEVICE_FAMILY = "1,2";
			};
			name = Debug;
		};
		77AF029920B51B3600F7F0F6 /* Release */ = {
			isa = XCBuildConfiguration;
			buildSettings = {
				ASSETCATALOG_COMPILER_APPICON_NAME = AppIcon;
				CODE_SIGN_STYLE = Automatic;
				DEVELOPMENT_TEAM = RP2FF6M732;
				INFOPLIST_FILE = countrygame/Info.plist;
				LD_RUNPATH_SEARCH_PATHS = (
					"$(inherited)",
					"@executable_path/Frameworks",
				);
				PRODUCT_BUNDLE_IDENTIFIER = kpu.2018class.countrygame;
				PRODUCT_NAME = "$(TARGET_NAME)";
				SWIFT_VERSION = 4.0;
				TARGETED_DEVICE_FAMILY = "1,2";
			};
			name = Release;
		};
/* End XCBuildConfiguration section */

/* Begin XCConfigurationList section */
		77AF028020B51B3500F7F0F6 /* Build configuration list for PBXProject "countrygame" */ = {
			isa = XCConfigurationList;
			buildConfigurations = (
				77AF029520B51B3600F7F0F6 /* Debug */,
				77AF029620B51B3600F7F0F6 /* Release */,
			);
			defaultConfigurationIsVisible = 0;
			defaultConfigurationName = Release;
		};
		77AF029720B51B3600F7F0F6 /* Build configuration list for PBXNativeTarget "countrygame" */ = {
			isa = XCConfigurationList;
			buildConfigurations = (
				77AF029820B51B3600F7F0F6 /* Debug */,
				77AF029920B51B3600F7F0F6 /* Release */,
			);
			defaultConfigurationIsVisible = 0;
			defaultConfigurationName = Release;
		};
/* End XCConfigurationList section */
	};
	rootObject = 77AF027D20B51B3500F7F0F6 /* Project object */;
}
